filippo.io/edwards25519 v1.1.0 h1:FNf4tywRC1HmFuKW5xopWpigGjJKiJSV0Cqo0cJWDaA=
filippo.io/edwards25519 v1.1.0/go.mod h1:BxyFTGdWcka3PhytdK4V28tE5sGfRvvvRV7EaN4VDT4=
github.com/hpe-usp-spire/schoco v1.2.0 h1:XKtyotgjIBipcBswTW142WY+WuKwuiBRdU1tMm9xYxQ=
github.com/hpe-usp-spire/schoco v1.2.0/go.mod h1:r1KyB3rCD3uP9iigvgNY634u2dRWdHhhmPEfMOPiUK8=
github.com/marques-ma/merkle-selective-disclosure v1.0.1 h1:0kKEidv/beG6B3iIPBsa8O4WuwTs/BdIwczt8ELxNp0=
github.com/marques-ma/merkle-selective-disclosure v1.0.1/go.mod h1:FUuNZ+kneuATP0WiIBZMuZreQHgyacIJSZJ98Frhcq4=
